# This file is automatically @generated by Poetry 1.5.4 and should not be changed by hand.

[[package]]
name = "prettyprint"
version = "0.1.5"
description = "prettyprint print list/dict/tuple object prettily"
optional = false
python-versions = "*"
files = [
    {file = "prettyprint-0.1.5.tar.gz", hash = "sha256:7423210b62adfb3777677914cd25db4919f1c2b0afba0454365ffbfa3f7e3731"},
]

[metadata]
lock-version = "2.0"
python-versions = ">=3.10.0,<3.12"
content-hash = "d5bd350d2a7cb901cef22d84b1a99c88b5610ccedb123e0535d898c925e1f851"
